
Microsoft Visual Studio Solution File, Format Version 12.00
# Visual Studio 14
VisualStudioVersion = 14.0.25123.0
MinimumVisualStudioVersion = 10.0.40219.1
Project("{FAE04EC0-301F-11D3-BF4B-00C04F79EFBC}") = "Szachy", "Szachy.csproj", "{A419DB3B-626A-4AF1-BCB7-BC4D4916D506}"
EndProject
Global
	GlobalSection(SolutionConfigurationPlatforms) = preSolution
		Debug|Any CPU = Debug|Any CPU
		Release|Any CPU = Release|Any CPU
	EndGlobalSection
	GlobalSection(ProjectConfigurationPlatforms) = postSolution
		{A419DB3B-626A-4AF1-BCB7-BC4D4916D506}.Debug|Any CPU.ActiveCfg = Debug|Any CPU
		{A419DB3B-626A-4AF1-BCB7-BC4D4916D506}.Debug|Any CPU.Build.0 = Debug|Any CPU
		{A419DB3B-626A-4AF1-BCB7-BC4D4916D506}.Release|Any CPU.ActiveCfg = Release|Any CPU
		{A419DB3B-626A-4AF1-BCB7-BC4D4916D506}.Release|Any CPU.Build.0 = Release|Any CPU
	EndGlobalSection
	GlobalSection(SolutionProperties) = preSolution
		HideSolutionNode = FALSE
	EndGlobalSection
EndGlobal
